
Microsoft Visual Studio Solution File, Format Version 12.00
# Visual Studio Version 16
VisualStudioVersion = 16.0.32228.343
MinimumVisualStudioVersion = 10.0.40219.1
Project("{2150E333-8FDC-42A3-9474-1A3956D46DE8}") = "src", "src", "{03569F9A-D304-4669-B12E-FFA5B28A54E7}"
EndProject
Project("{2150E333-8FDC-42A3-9474-1A3956D46DE8}") = "host", "host", "{14B42DA7-AF9F-4CF1-AEC9-4B4B1847DF65}"
EndProject
Project("{2150E333-8FDC-42A3-9474-1A3956D46DE8}") = "test", "test", "{04A4B166-9FF1-4163-BA8E-33D897196FD4}"
EndProject
Project("{9A19103F-16F7-4668-BE54-9A1E7A4F7556}") = "Sample.Domain", "Sample.Domain\Sample.Domain.csproj", "{AD8C271F-D0EE-41B2-9837-7F4D5AB7FB17}"
EndProject
Project("{9A19103F-16F7-4668-BE54-9A1E7A4F7556}") = "Sample.EntityFrameworkCore", "Sample.EntityFrameworkCore\Sample.EntityFrameworkCore.csproj", "{42FAB874-A9A4-4E09-9119-98E2717545FE}"
EndProject
Project("{9A19103F-16F7-4668-BE54-9A1E7A4F7556}") = "Sample.EFCore.Test", "Sample.EFCore.Test\Sample.EFCore.Test.csproj", "{4A3C88EE-3D10-4FEA-A7AC-A747CD91F94B}"
EndProject
Project("{9A19103F-16F7-4668-BE54-9A1E7A4F7556}") = "Sample.HttpApi", "Sample.HttpApi\Sample.HttpApi.csproj", "{BE2D4D9F-F11A-419B-96B7-F20E4CA0CC23}"
EndProject
Project("{9A19103F-16F7-4668-BE54-9A1E7A4F7556}") = "Sample.Application", "Sample.Application\Sample.Application.csproj", "{EE9E5DEF-F821-4985-B13D-BF2757839A69}"
EndProject
Project("{2150E333-8FDC-42A3-9474-1A3956D46DE8}") = "ApplicationLayer", "ApplicationLayer", "{A5D1F8D3-F447-4C17-8085-E41047788275}"
EndProject
Project("{2150E333-8FDC-42A3-9474-1A3956D46DE8}") = "DomainLayer", "DomainLayer", "{4946CE1C-FAD9-4337-9E2A-EEEEDD69474C}"
EndProject
Project("{2150E333-8FDC-42A3-9474-1A3956D46DE8}") = "InfrastructureLayer", "InfrastructureLayer", "{67365029-6854-441E-85BB-B3ED3756C9DF}"
EndProject
Project("{9A19103F-16F7-4668-BE54-9A1E7A4F7556}") = "Sample.IApplication", "Sample.IApplication\Sample.IApplication.csproj", "{0AD23B4F-7B89-4644-94A2-805DDA81FCE7}"
EndProject
Project("{9A19103F-16F7-4668-BE54-9A1E7A4F7556}") = "Sample.Repositories", "Sample.Repositories\Sample.Repositories.csproj", "{C08224CD-D014-469E-A30D-730AE8E8FADA}"
EndProject
Project("{2150E333-8FDC-42A3-9474-1A3956D46DE8}") = "Common", "Common", "{20CF791C-374F-4D83-A40E-F792D0B6EF21}"
EndProject
Project("{9A19103F-16F7-4668-BE54-9A1E7A4F7556}") = "Sample.Common", "Sample.Common\Sample.Common.csproj", "{C8D43D54-1D17-4874-8C58-82A692B9C65D}"
EndProject
Project("{9A19103F-16F7-4668-BE54-9A1E7A4F7556}") = "Sample.AuthCenterApi", "Sample.AuthCenterApi\Sample.AuthCenterApi.csproj", "{EF667515-EF23-45BC-BFF3-3B7BB505F627}"
EndProject
Project("{2150E333-8FDC-42A3-9474-1A3956D46DE8}") = "Cache", "Cache", "{896DA22A-4B7C-416F-8659-D8C37C9CE7B8}"
EndProject
Project("{2150E333-8FDC-42A3-9474-1A3956D46DE8}") = "EventBus", "EventBus", "{E63E8C29-6501-476E-AB87-85D178642D51}"
EndProject
Project("{9A19103F-16F7-4668-BE54-9A1E7A4F7556}") = "RedisHelper", "RedisHelper\RedisHelper.csproj", "{21C53A41-0182-4D1D-9B93-05E8187E3438}"
EndProject
Project("{9A19103F-16F7-4668-BE54-9A1E7A4F7556}") = "EventBus", "EventBus\EventBus.csproj", "{2005D479-AA63-4540-BD16-97E80219CEED}"
EndProject
Project("{9A19103F-16F7-4668-BE54-9A1E7A4F7556}") = "EventBusRabbitMQ", "EventBusRabbitMQ\EventBusRabbitMQ.csproj", "{6FA50DFF-7ED6-44C5-8807-DD2F54A18EAC}"
EndProject
Global
	GlobalSection(SolutionConfigurationPlatforms) = preSolution
		Debug|Any CPU = Debug|Any CPU
		Release|Any CPU = Release|Any CPU
	EndGlobalSection
	GlobalSection(ProjectConfigurationPlatforms) = postSolution
		{AD8C271F-D0EE-41B2-9837-7F4D5AB7FB17}.Debug|Any CPU.ActiveCfg = Debug|Any CPU
		{AD8C271F-D0EE-41B2-9837-7F4D5AB7FB17}.Debug|Any CPU.Build.0 = Debug|Any CPU
		{AD8C271F-D0EE-41B2-9837-7F4D5AB7FB17}.Release|Any CPU.ActiveCfg = Release|Any CPU
		{AD8C271F-D0EE-41B2-9837-7F4D5AB7FB17}.Release|Any CPU.Build.0 = Release|Any CPU
		{42FAB874-A9A4-4E09-9119-98E2717545FE}.Debug|Any CPU.ActiveCfg = Debug|Any CPU
		{42FAB874-A9A4-4E09-9119-98E2717545FE}.Debug|Any CPU.Build.0 = Debug|Any CPU
		{42FAB874-A9A4-4E09-9119-98E2717545FE}.Release|Any CPU.ActiveCfg = Release|Any CPU
		{42FAB874-A9A4-4E09-9119-98E2717545FE}.Release|Any CPU.Build.0 = Release|Any CPU
		{4A3C88EE-3D10-4FEA-A7AC-A747CD91F94B}.Debug|Any CPU.ActiveCfg = Debug|Any CPU
		{4A3C88EE-3D10-4FEA-A7AC-A747CD91F94B}.Debug|Any CPU.Build.0 = Debug|Any CPU
		{4A3C88EE-3D10-4FEA-A7AC-A747CD91F94B}.Release|Any CPU.ActiveCfg = Release|Any CPU
		{4A3C88EE-3D10-4FEA-A7AC-A747CD91F94B}.Release|Any CPU.Build.0 = Release|Any CPU
		{BE2D4D9F-F11A-419B-96B7-F20E4CA0CC23}.Debug|Any CPU.ActiveCfg = Debug|Any CPU
		{BE2D4D9F-F11A-419B-96B7-F20E4CA0CC23}.Debug|Any CPU.Build.0 = Debug|Any CPU
		{BE2D4D9F-F11A-419B-96B7-F20E4CA0CC23}.Release|Any CPU.ActiveCfg = Release|Any CPU
		{BE2D4D9F-F11A-419B-96B7-F20E4CA0CC23}.Release|Any CPU.Build.0 = Release|Any CPU
		{EE9E5DEF-F821-4985-B13D-BF2757839A69}.Debug|Any CPU.ActiveCfg = Debug|Any CPU
		{EE9E5DEF-F821-4985-B13D-BF2757839A69}.Debug|Any CPU.Build.0 = Debug|Any CPU
		{EE9E5DEF-F821-4985-B13D-BF2757839A69}.Release|Any CPU.ActiveCfg = Release|Any CPU
		{EE9E5DEF-F821-4985-B13D-BF2757839A69}.Release|Any CPU.Build.0 = Release|Any CPU
		{0AD23B4F-7B89-4644-94A2-805DDA81FCE7}.Debug|Any CPU.ActiveCfg = Debug|Any CPU
		{0AD23B4F-7B89-4644-94A2-805DDA81FCE7}.Debug|Any CPU.Build.0 = Debug|Any CPU
		{0AD23B4F-7B89-4644-94A2-805DDA81FCE7}.Release|Any CPU.ActiveCfg = Release|Any CPU
		{0AD23B4F-7B89-4644-94A2-805DDA81FCE7}.Release|Any CPU.Build.0 = Release|Any CPU
		{C08224CD-D014-469E-A30D-730AE8E8FADA}.Debug|Any CPU.ActiveCfg = Debug|Any CPU
		{C08224CD-D014-469E-A30D-730AE8E8FADA}.Debug|Any CPU.Build.0 = Debug|Any CPU
		{C08224CD-D014-469E-A30D-730AE8E8FADA}.Release|Any CPU.ActiveCfg = Release|Any CPU
		{C08224CD-D014-469E-A30D-730AE8E8FADA}.Release|Any CPU.Build.0 = Release|Any CPU
		{C8D43D54-1D17-4874-8C58-82A692B9C65D}.Debug|Any CPU.ActiveCfg = Debug|Any CPU
		{C8D43D54-1D17-4874-8C58-82A692B9C65D}.Debug|Any CPU.Build.0 = Debug|Any CPU
		{C8D43D54-1D17-4874-8C58-82A692B9C65D}.Release|Any CPU.ActiveCfg = Release|Any CPU
		{C8D43D54-1D17-4874-8C58-82A692B9C65D}.Release|Any CPU.Build.0 = Release|Any CPU
		{EF667515-EF23-45BC-BFF3-3B7BB505F627}.Debug|Any CPU.ActiveCfg = Debug|Any CPU
		{EF667515-EF23-45BC-BFF3-3B7BB505F627}.Debug|Any CPU.Build.0 = Debug|Any CPU
		{EF667515-EF23-45BC-BFF3-3B7BB505F627}.Release|Any CPU.ActiveCfg = Release|Any CPU
		{EF667515-EF23-45BC-BFF3-3B7BB505F627}.Release|Any CPU.Build.0 = Release|Any CPU
		{21C53A41-0182-4D1D-9B93-05E8187E3438}.Debug|Any CPU.ActiveCfg = Debug|Any CPU
		{21C53A41-0182-4D1D-9B93-05E8187E3438}.Debug|Any CPU.Build.0 = Debug|Any CPU
		{21C53A41-0182-4D1D-9B93-05E8187E3438}.Release|Any CPU.ActiveCfg = Release|Any CPU
		{21C53A41-0182-4D1D-9B93-05E8187E3438}.Release|Any CPU.Build.0 = Release|Any CPU
		{2005D479-AA63-4540-BD16-97E80219CEED}.Debug|Any CPU.ActiveCfg = Debug|Any CPU
		{2005D479-AA63-4540-BD16-97E80219CEED}.Debug|Any CPU.Build.0 = Debug|Any CPU
		{2005D479-AA63-4540-BD16-97E80219CEED}.Release|Any CPU.ActiveCfg = Release|Any CPU
		{2005D479-AA63-4540-BD16-97E80219CEED}.Release|Any CPU.Build.0 = Release|Any CPU
		{6FA50DFF-7ED6-44C5-8807-DD2F54A18EAC}.Debug|Any CPU.ActiveCfg = Debug|Any CPU
		{6FA50DFF-7ED6-44C5-8807-DD2F54A18EAC}.Debug|Any CPU.Build.0 = Debug|Any CPU
		{6FA50DFF-7ED6-44C5-8807-DD2F54A18EAC}.Release|Any CPU.ActiveCfg = Release|Any CPU
		{6FA50DFF-7ED6-44C5-8807-DD2F54A18EAC}.Release|Any CPU.Build.0 = Release|Any CPU
	EndGlobalSection
	GlobalSection(SolutionProperties) = preSolution
		HideSolutionNode = FALSE
	EndGlobalSection
	GlobalSection(NestedProjects) = preSolution
		{AD8C271F-D0EE-41B2-9837-7F4D5AB7FB17} = {4946CE1C-FAD9-4337-9E2A-EEEEDD69474C}
		{42FAB874-A9A4-4E09-9119-98E2717545FE} = {67365029-6854-441E-85BB-B3ED3756C9DF}
		{4A3C88EE-3D10-4FEA-A7AC-A747CD91F94B} = {04A4B166-9FF1-4163-BA8E-33D897196FD4}
		{BE2D4D9F-F11A-419B-96B7-F20E4CA0CC23} = {14B42DA7-AF9F-4CF1-AEC9-4B4B1847DF65}
		{EE9E5DEF-F821-4985-B13D-BF2757839A69} = {A5D1F8D3-F447-4C17-8085-E41047788275}
		{A5D1F8D3-F447-4C17-8085-E41047788275} = {03569F9A-D304-4669-B12E-FFA5B28A54E7}
		{4946CE1C-FAD9-4337-9E2A-EEEEDD69474C} = {03569F9A-D304-4669-B12E-FFA5B28A54E7}
		{67365029-6854-441E-85BB-B3ED3756C9DF} = {03569F9A-D304-4669-B12E-FFA5B28A54E7}
		{0AD23B4F-7B89-4644-94A2-805DDA81FCE7} = {A5D1F8D3-F447-4C17-8085-E41047788275}
		{C08224CD-D014-469E-A30D-730AE8E8FADA} = {67365029-6854-441E-85BB-B3ED3756C9DF}
		{20CF791C-374F-4D83-A40E-F792D0B6EF21} = {03569F9A-D304-4669-B12E-FFA5B28A54E7}
		{C8D43D54-1D17-4874-8C58-82A692B9C65D} = {20CF791C-374F-4D83-A40E-F792D0B6EF21}
		{EF667515-EF23-45BC-BFF3-3B7BB505F627} = {14B42DA7-AF9F-4CF1-AEC9-4B4B1847DF65}
		{896DA22A-4B7C-416F-8659-D8C37C9CE7B8} = {20CF791C-374F-4D83-A40E-F792D0B6EF21}
		{E63E8C29-6501-476E-AB87-85D178642D51} = {20CF791C-374F-4D83-A40E-F792D0B6EF21}
		{21C53A41-0182-4D1D-9B93-05E8187E3438} = {896DA22A-4B7C-416F-8659-D8C37C9CE7B8}
		{2005D479-AA63-4540-BD16-97E80219CEED} = {E63E8C29-6501-476E-AB87-85D178642D51}
		{6FA50DFF-7ED6-44C5-8807-DD2F54A18EAC} = {E63E8C29-6501-476E-AB87-85D178642D51}
	EndGlobalSection
	GlobalSection(ExtensibilityGlobals) = postSolution
		SolutionGuid = {F3170F5E-4E06-46B6-9F30-9CCA5F901B1D}
	EndGlobalSection
EndGlobal
